
Microsoft Visual Studio Solution File, Format Version 12.00
# Visual Studio Version 16
VisualStudioVersion = 16.0.31410.357
MinimumVisualStudioVersion = 10.0.40219.1
Project("{FAE04EC0-301F-11D3-BF4B-00C04F79EFBC}") = "Gateway", "Gateway\Gateway.csproj", "{C84069C4-CBF5-4386-8DB1-50F148221282}"
EndProject
Project("{FAE04EC0-301F-11D3-BF4B-00C04F79EFBC}") = "BreadService", "BreadService\BreadService.csproj", "{B7F7FEF6-81FF-4DFD-B62A-F1B857DDA2CE}"
EndProject
Project("{FAE04EC0-301F-11D3-BF4B-00C04F79EFBC}") = "CheeseService", "CheeseService\CheeseService.csproj", "{C53DD878-72A3-4A70-A452-9D096A6D6A0F}"
EndProject
Project("{FAE04EC0-301F-11D3-BF4B-00C04F79EFBC}") = "LettuceService", "LettuceService\LettuceService.csproj", "{61ACA271-DD02-4AD7-950A-F6A4C2D1E8BB}"
EndProject
Project("{FAE04EC0-301F-11D3-BF4B-00C04F79EFBC}") = "MeatService", "MeatService\MeatService.csproj", "{BE5871AD-4D06-4193-8E45-E52B6F6AD9E4}"
EndProject
Project("{FAE04EC0-301F-11D3-BF4B-00C04F79EFBC}") = "RabbitQueue", "RabbitQueue\RabbitQueue.csproj", "{6C318770-C8B5-43A4-A5EE-7074B3C4B15A}"
EndProject
Project("{FAE04EC0-301F-11D3-BF4B-00C04F79EFBC}") = "SandwichMaker", "SandwichMaker\SandwichMaker.csproj", "{AB364D4F-E098-4416-BFD2-7823D8577302}"
EndProject
Global
	GlobalSection(SolutionConfigurationPlatforms) = preSolution
		Debug|Any CPU = Debug|Any CPU
		Release|Any CPU = Release|Any CPU
	EndGlobalSection
	GlobalSection(ProjectConfigurationPlatforms) = postSolution
		{C84069C4-CBF5-4386-8DB1-50F148221282}.Debug|Any CPU.ActiveCfg = Debug|Any CPU
		{C84069C4-CBF5-4386-8DB1-50F148221282}.Debug|Any CPU.Build.0 = Debug|Any CPU
		{C84069C4-CBF5-4386-8DB1-50F148221282}.Release|Any CPU.ActiveCfg = Release|Any CPU
		{C84069C4-CBF5-4386-8DB1-50F148221282}.Release|Any CPU.Build.0 = Release|Any CPU
		{B7F7FEF6-81FF-4DFD-B62A-F1B857DDA2CE}.Debug|Any CPU.ActiveCfg = Debug|Any CPU
		{B7F7FEF6-81FF-4DFD-B62A-F1B857DDA2CE}.Debug|Any CPU.Build.0 = Debug|Any CPU
		{B7F7FEF6-81FF-4DFD-B62A-F1B857DDA2CE}.Release|Any CPU.ActiveCfg = Release|Any CPU
		{B7F7FEF6-81FF-4DFD-B62A-F1B857DDA2CE}.Release|Any CPU.Build.0 = Release|Any CPU
		{C53DD878-72A3-4A70-A452-9D096A6D6A0F}.Debug|Any CPU.ActiveCfg = Debug|Any CPU
		{C53DD878-72A3-4A70-A452-9D096A6D6A0F}.Debug|Any CPU.Build.0 = Debug|Any CPU
		{C53DD878-72A3-4A70-A452-9D096A6D6A0F}.Release|Any CPU.ActiveCfg = Release|Any CPU
		{C53DD878-72A3-4A70-A452-9D096A6D6A0F}.Release|Any CPU.Build.0 = Release|Any CPU
		{61ACA271-DD02-4AD7-950A-F6A4C2D1E8BB}.Debug|Any CPU.ActiveCfg = Debug|Any CPU
		{61ACA271-DD02-4AD7-950A-F6A4C2D1E8BB}.Debug|Any CPU.Build.0 = Debug|Any CPU
		{61ACA271-DD02-4AD7-950A-F6A4C2D1E8BB}.Release|Any CPU.ActiveCfg = Release|Any CPU
		{61ACA271-DD02-4AD7-950A-F6A4C2D1E8BB}.Release|Any CPU.Build.0 = Release|Any CPU
		{BE5871AD-4D06-4193-8E45-E52B6F6AD9E4}.Debug|Any CPU.ActiveCfg = Debug|Any CPU
		{BE5871AD-4D06-4193-8E45-E52B6F6AD9E4}.Debug|Any CPU.Build.0 = Debug|Any CPU
		{BE5871AD-4D06-4193-8E45-E52B6F6AD9E4}.Release|Any CPU.ActiveCfg = Release|Any CPU
		{BE5871AD-4D06-4193-8E45-E52B6F6AD9E4}.Release|Any CPU.Build.0 = Release|Any CPU
		{6C318770-C8B5-43A4-A5EE-7074B3C4B15A}.Debug|Any CPU.ActiveCfg = Debug|Any CPU
		{6C318770-C8B5-43A4-A5EE-7074B3C4B15A}.Debug|Any CPU.Build.0 = Debug|Any CPU
		{6C318770-C8B5-43A4-A5EE-7074B3C4B15A}.Release|Any CPU.ActiveCfg = Release|Any CPU
		{6C318770-C8B5-43A4-A5EE-7074B3C4B15A}.Release|Any CPU.Build.0 = Release|Any CPU
		{AB364D4F-E098-4416-BFD2-7823D8577302}.Debug|Any CPU.ActiveCfg = Debug|Any CPU
		{AB364D4F-E098-4416-BFD2-7823D8577302}.Debug|Any CPU.Build.0 = Debug|Any CPU
		{AB364D4F-E098-4416-BFD2-7823D8577302}.Release|Any CPU.ActiveCfg = Release|Any CPU
		{AB364D4F-E098-4416-BFD2-7823D8577302}.Release|Any CPU.Build.0 = Release|Any CPU
	EndGlobalSection
	GlobalSection(SolutionProperties) = preSolution
		HideSolutionNode = FALSE
	EndGlobalSection
	GlobalSection(ExtensibilityGlobals) = postSolution
		SolutionGuid = {98B0E433-5792-4C63-A3F0-1A8C04C7C135}
	EndGlobalSection
EndGlobal
