
Microsoft Visual Studio Solution File, Format Version 12.00
# Visual Studio Version 16
VisualStudioVersion = 16.0.29409.12
MinimumVisualStudioVersion = 10.0.40219.1
Project("{FAE04EC0-301F-11D3-BF4B-00C04F79EFBC}") = "Gateway", "Gateway\Gateway.csproj", "{E44D6A3F-9C8D-435A-9CD8-7797228C1DB6}"
EndProject
Global
	GlobalSection(SolutionConfigurationPlatforms) = preSolution
		Debug|Any CPU = Debug|Any CPU
		Release|Any CPU = Release|Any CPU
	EndGlobalSection
	GlobalSection(ProjectConfigurationPlatforms) = postSolution
		{E44D6A3F-9C8D-435A-9CD8-7797228C1DB6}.Debug|Any CPU.ActiveCfg = Debug|Any CPU
		{E44D6A3F-9C8D-435A-9CD8-7797228C1DB6}.Debug|Any CPU.Build.0 = Debug|Any CPU
		{E44D6A3F-9C8D-435A-9CD8-7797228C1DB6}.Release|Any CPU.ActiveCfg = Release|Any CPU
		{E44D6A3F-9C8D-435A-9CD8-7797228C1DB6}.Release|Any CPU.Build.0 = Release|Any CPU
	EndGlobalSection
	GlobalSection(SolutionProperties) = preSolution
		HideSolutionNode = FALSE
	EndGlobalSection
	GlobalSection(ExtensibilityGlobals) = postSolution
		SolutionGuid = {934D6014-3220-406A-97DC-880B556157CC}
	EndGlobalSection
EndGlobal
