
Microsoft Visual Studio Solution File, Format Version 12.00
# Visual Studio Version 16
VisualStudioVersion = 16.0.29123.89
MinimumVisualStudioVersion = 10.0.40219.1
Project("{E53339B2-1760-4266-BCC7-CA923CBCF16C}") = "docker-compose", "docker-compose.dcproj", "{2FE5D699-2EE7-4027-9B75-094A94E89484}"
EndProject
Project("{9A19103F-16F7-4668-BE54-9A1E7A4F7556}") = "Gateway", "Gateway\Gateway.csproj", "{F0377B7D-6851-4BBE-A9EB-234A8A938271}"
EndProject
Project("{2150E333-8FDC-42A3-9474-1A3956D46DE8}") = "Solution Items", "Solution Items", "{C53E63E1-0614-43F8-B4E2-7F133F79D03C}"
	ProjectSection(SolutionItems) = preProject
		readme.md = readme.md
	EndProjectSection
EndProject
Project("{9A19103F-16F7-4668-BE54-9A1E7A4F7556}") = "CheeseService", "CheeseService\CheeseService.csproj", "{E08BA1DA-0ED3-4ED6-9460-E3CE3082083B}"
EndProject
Project("{9A19103F-16F7-4668-BE54-9A1E7A4F7556}") = "MeatService", "MeatService\MeatService.csproj", "{57A61A71-6156-4470-83C1-1A72DF68E012}"
EndProject
Project("{9A19103F-16F7-4668-BE54-9A1E7A4F7556}") = "LettuceService", "LettuceService\LettuceService.csproj", "{11BE49DA-826B-4385-97C6-87E6C36DACA9}"
EndProject
Project("{9A19103F-16F7-4668-BE54-9A1E7A4F7556}") = "SandwichMaker", "SandwichMaker\SandwichMaker.csproj", "{8AD69FDE-FA61-483F-BA01-5B8428D23ADE}"
EndProject
Global
	GlobalSection(SolutionConfigurationPlatforms) = preSolution
		Debug|Any CPU = Debug|Any CPU
		Release|Any CPU = Release|Any CPU
	EndGlobalSection
	GlobalSection(ProjectConfigurationPlatforms) = postSolution
		{2FE5D699-2EE7-4027-9B75-094A94E89484}.Debug|Any CPU.ActiveCfg = Debug|Any CPU
		{2FE5D699-2EE7-4027-9B75-094A94E89484}.Debug|Any CPU.Build.0 = Debug|Any CPU
		{2FE5D699-2EE7-4027-9B75-094A94E89484}.Release|Any CPU.ActiveCfg = Release|Any CPU
		{2FE5D699-2EE7-4027-9B75-094A94E89484}.Release|Any CPU.Build.0 = Release|Any CPU
		{F0377B7D-6851-4BBE-A9EB-234A8A938271}.Debug|Any CPU.ActiveCfg = Debug|Any CPU
		{F0377B7D-6851-4BBE-A9EB-234A8A938271}.Debug|Any CPU.Build.0 = Debug|Any CPU
		{F0377B7D-6851-4BBE-A9EB-234A8A938271}.Release|Any CPU.ActiveCfg = Release|Any CPU
		{F0377B7D-6851-4BBE-A9EB-234A8A938271}.Release|Any CPU.Build.0 = Release|Any CPU
		{E08BA1DA-0ED3-4ED6-9460-E3CE3082083B}.Debug|Any CPU.ActiveCfg = Debug|Any CPU
		{E08BA1DA-0ED3-4ED6-9460-E3CE3082083B}.Debug|Any CPU.Build.0 = Debug|Any CPU
		{E08BA1DA-0ED3-4ED6-9460-E3CE3082083B}.Release|Any CPU.ActiveCfg = Release|Any CPU
		{E08BA1DA-0ED3-4ED6-9460-E3CE3082083B}.Release|Any CPU.Build.0 = Release|Any CPU
		{57A61A71-6156-4470-83C1-1A72DF68E012}.Debug|Any CPU.ActiveCfg = Debug|Any CPU
		{57A61A71-6156-4470-83C1-1A72DF68E012}.Debug|Any CPU.Build.0 = Debug|Any CPU
		{57A61A71-6156-4470-83C1-1A72DF68E012}.Release|Any CPU.ActiveCfg = Release|Any CPU
		{57A61A71-6156-4470-83C1-1A72DF68E012}.Release|Any CPU.Build.0 = Release|Any CPU
		{11BE49DA-826B-4385-97C6-87E6C36DACA9}.Debug|Any CPU.ActiveCfg = Debug|Any CPU
		{11BE49DA-826B-4385-97C6-87E6C36DACA9}.Debug|Any CPU.Build.0 = Debug|Any CPU
		{11BE49DA-826B-4385-97C6-87E6C36DACA9}.Release|Any CPU.ActiveCfg = Release|Any CPU
		{11BE49DA-826B-4385-97C6-87E6C36DACA9}.Release|Any CPU.Build.0 = Release|Any CPU
		{8AD69FDE-FA61-483F-BA01-5B8428D23ADE}.Debug|Any CPU.ActiveCfg = Debug|Any CPU
		{8AD69FDE-FA61-483F-BA01-5B8428D23ADE}.Debug|Any CPU.Build.0 = Debug|Any CPU
		{8AD69FDE-FA61-483F-BA01-5B8428D23ADE}.Release|Any CPU.ActiveCfg = Release|Any CPU
		{8AD69FDE-FA61-483F-BA01-5B8428D23ADE}.Release|Any CPU.Build.0 = Release|Any CPU
	EndGlobalSection
	GlobalSection(SolutionProperties) = preSolution
		HideSolutionNode = FALSE
	EndGlobalSection
	GlobalSection(ExtensibilityGlobals) = postSolution
		SolutionGuid = {D65849B6-57FD-4AF1-9800-0BF0C8F953C1}
	EndGlobalSection
EndGlobal
