
Microsoft Visual Studio Solution File, Format Version 12.00
# Visual Studio Version 16
VisualStudioVersion = 16.0.29021.104
MinimumVisualStudioVersion = 10.0.40219.1
Project("{FAE04EC0-301F-11D3-BF4B-00C04F79EFBC}") = "Gateway", "Gateway\Gateway.csproj", "{6CADA21F-F13E-4A6D-8362-CFAF8FC80BDB}"
EndProject
Global
	GlobalSection(SolutionConfigurationPlatforms) = preSolution
		Debug|Any CPU = Debug|Any CPU
		Release|Any CPU = Release|Any CPU
	EndGlobalSection
	GlobalSection(ProjectConfigurationPlatforms) = postSolution
		{6CADA21F-F13E-4A6D-8362-CFAF8FC80BDB}.Debug|Any CPU.ActiveCfg = Debug|Any CPU
		{6CADA21F-F13E-4A6D-8362-CFAF8FC80BDB}.Debug|Any CPU.Build.0 = Debug|Any CPU
		{6CADA21F-F13E-4A6D-8362-CFAF8FC80BDB}.Release|Any CPU.ActiveCfg = Release|Any CPU
		{6CADA21F-F13E-4A6D-8362-CFAF8FC80BDB}.Release|Any CPU.Build.0 = Release|Any CPU
	EndGlobalSection
	GlobalSection(SolutionProperties) = preSolution
		HideSolutionNode = FALSE
	EndGlobalSection
	GlobalSection(ExtensibilityGlobals) = postSolution
		SolutionGuid = {E3BA65C7-E330-4B75-A81D-B38B81B2E17B}
	EndGlobalSection
EndGlobal
