
Microsoft Visual Studio Solution File, Format Version 12.00
# Visual Studio Version 16
VisualStudioVersion = 16.0.29721.120
MinimumVisualStudioVersion = 10.0.40219.1
Project("{FAE04EC0-301F-11D3-BF4B-00C04F79EFBC}") = "Gateway", "Gateway\Gateway.csproj", "{3C837736-F11F-450E-A870-0DBA7A42BB0F}"
EndProject
Global
	GlobalSection(SolutionConfigurationPlatforms) = preSolution
		Debug|Any CPU = Debug|Any CPU
		Release|Any CPU = Release|Any CPU
	EndGlobalSection
	GlobalSection(ProjectConfigurationPlatforms) = postSolution
		{3C837736-F11F-450E-A870-0DBA7A42BB0F}.Debug|Any CPU.ActiveCfg = Debug|Any CPU
		{3C837736-F11F-450E-A870-0DBA7A42BB0F}.Debug|Any CPU.Build.0 = Debug|Any CPU
		{3C837736-F11F-450E-A870-0DBA7A42BB0F}.Release|Any CPU.ActiveCfg = Release|Any CPU
		{3C837736-F11F-450E-A870-0DBA7A42BB0F}.Release|Any CPU.Build.0 = Release|Any CPU
	EndGlobalSection
	GlobalSection(SolutionProperties) = preSolution
		HideSolutionNode = FALSE
	EndGlobalSection
	GlobalSection(ExtensibilityGlobals) = postSolution
		SolutionGuid = {EA32860D-8DCF-4BA6-9ED1-C52577D5AA3B}
	EndGlobalSection
EndGlobal
