
Microsoft Visual Studio Solution File, Format Version 12.00
# Visual Studio Version 16
VisualStudioVersion = 16.0.31410.357
MinimumVisualStudioVersion = 10.0.40219.1
Project("{FAE04EC0-301F-11D3-BF4B-00C04F79EFBC}") = "Gateway", "Gateway\Gateway.csproj", "{702406D3-21FD-4D0B-AEC1-996E43BD0C30}"
EndProject
Global
	GlobalSection(SolutionConfigurationPlatforms) = preSolution
		Debug|Any CPU = Debug|Any CPU
		Release|Any CPU = Release|Any CPU
	EndGlobalSection
	GlobalSection(ProjectConfigurationPlatforms) = postSolution
		{702406D3-21FD-4D0B-AEC1-996E43BD0C30}.Debug|Any CPU.ActiveCfg = Debug|Any CPU
		{702406D3-21FD-4D0B-AEC1-996E43BD0C30}.Debug|Any CPU.Build.0 = Debug|Any CPU
		{702406D3-21FD-4D0B-AEC1-996E43BD0C30}.Release|Any CPU.ActiveCfg = Release|Any CPU
		{702406D3-21FD-4D0B-AEC1-996E43BD0C30}.Release|Any CPU.Build.0 = Release|Any CPU
	EndGlobalSection
	GlobalSection(SolutionProperties) = preSolution
		HideSolutionNode = FALSE
	EndGlobalSection
	GlobalSection(ExtensibilityGlobals) = postSolution
		SolutionGuid = {76BE29BD-2E15-4A76-AABC-76540374EF34}
	EndGlobalSection
EndGlobal
